github.com/go-zoox/tag v1.0.0 h1:HNO2bJrJfFHgrbGtghMCw+s5bKpxVKqo9elGa8dDoqg=
github.com/go-zoox/tag v1.0.0/go.mod h1:TNFY+IN6FgsD0KGV6mrnuVXONUq7zpH01k53BcNsT8k=
github.com/go-zoox/tag v1.0.1 h1:GHhlKr1kIA0nSbYDbH/iXUXQl7AqIdX9CC2LW5WhKNc=
github.com/go-zoox/tag v1.0.1/go.mod h1:TNFY+IN6FgsD0KGV6mrnuVXONUq7zpH01k53BcNsT8k=
github.com/go-zoox/tag v1.0.2 h1:vmNRPftu2rN+SLkA/iMd8zImUIj6zIteAfxlO1PX9rg=
github.com/go-zoox/tag v1.0.2/go.mod h1:TNFY+IN6FgsD0KGV6mrnuVXONUq7zpH01k53BcNsT8k=
github.com/joho/godotenv v1.4.0 h1:3l4+N6zfMWnkbPEXKng2o2/MR5mSwTrBih4ZEkkz1lg=
github.com/joho/godotenv v1.4.0/go.mod h1:f4LDr5Voq0i2e/R5DDNOoa2zzDfwtkZa6DnEwAbqwq4=
